
Microsoft Visual Studio Solution File, Format Version 12.00
# Visual Studio Version 16
VisualStudioVersion = 16.0.31205.134
MinimumVisualStudioVersion = 10.0.40219.1
Project("{FAE04EC0-301F-11D3-BF4B-00C04F79EFBC}") = "MB.Domain", "MB.Domain\MB.Domain.csproj", "{49E18E83-5C62-416E-A4CB-B04D0409D085}"
EndProject
Project("{FAE04EC0-301F-11D3-BF4B-00C04F79EFBC}") = "MB.Application.Contracts", "MB.Application.Contracts\MB.Application.Contracts.csproj", "{B7CB7CD1-73B3-4AFB-AB33-45ACC5ACB569}"
EndProject
Project("{FAE04EC0-301F-11D3-BF4B-00C04F79EFBC}") = "MB.Application", "MB.Application\MB.Application.csproj", "{C5BAD235-726D-4C54-A613-8B64760137D0}"
EndProject
Project("{FAE04EC0-301F-11D3-BF4B-00C04F79EFBC}") = "MB.Infrastructure.EfCore", "MB.Infrastructure.EfCore\MB.Infrastructure.EfCore.csproj", "{2E7F8F2D-B886-431D-A87C-D9E02DB0AFF5}"
EndProject
Global
	GlobalSection(SolutionConfigurationPlatforms) = preSolution
		Debug|Any CPU = Debug|Any CPU
		Release|Any CPU = Release|Any CPU
	EndGlobalSection
	GlobalSection(ProjectConfigurationPlatforms) = postSolution
		{49E18E83-5C62-416E-A4CB-B04D0409D085}.Debug|Any CPU.ActiveCfg = Debug|Any CPU
		{49E18E83-5C62-416E-A4CB-B04D0409D085}.Debug|Any CPU.Build.0 = Debug|Any CPU
		{49E18E83-5C62-416E-A4CB-B04D0409D085}.Release|Any CPU.ActiveCfg = Release|Any CPU
		{49E18E83-5C62-416E-A4CB-B04D0409D085}.Release|Any CPU.Build.0 = Release|Any CPU
		{B7CB7CD1-73B3-4AFB-AB33-45ACC5ACB569}.Debug|Any CPU.ActiveCfg = Debug|Any CPU
		{B7CB7CD1-73B3-4AFB-AB33-45ACC5ACB569}.Debug|Any CPU.Build.0 = Debug|Any CPU
		{B7CB7CD1-73B3-4AFB-AB33-45ACC5ACB569}.Release|Any CPU.ActiveCfg = Release|Any CPU
		{B7CB7CD1-73B3-4AFB-AB33-45ACC5ACB569}.Release|Any CPU.Build.0 = Release|Any CPU
		{C5BAD235-726D-4C54-A613-8B64760137D0}.Debug|Any CPU.ActiveCfg = Debug|Any CPU
		{C5BAD235-726D-4C54-A613-8B64760137D0}.Debug|Any CPU.Build.0 = Debug|Any CPU
		{C5BAD235-726D-4C54-A613-8B64760137D0}.Release|Any CPU.ActiveCfg = Release|Any CPU
		{C5BAD235-726D-4C54-A613-8B64760137D0}.Release|Any CPU.Build.0 = Release|Any CPU
		{2E7F8F2D-B886-431D-A87C-D9E02DB0AFF5}.Debug|Any CPU.ActiveCfg = Debug|Any CPU
		{2E7F8F2D-B886-431D-A87C-D9E02DB0AFF5}.Debug|Any CPU.Build.0 = Debug|Any CPU
		{2E7F8F2D-B886-431D-A87C-D9E02DB0AFF5}.Release|Any CPU.ActiveCfg = Release|Any CPU
		{2E7F8F2D-B886-431D-A87C-D9E02DB0AFF5}.Release|Any CPU.Build.0 = Release|Any CPU
	EndGlobalSection
	GlobalSection(SolutionProperties) = preSolution
		HideSolutionNode = FALSE
	EndGlobalSection
	GlobalSection(ExtensibilityGlobals) = postSolution
		SolutionGuid = {9B799987-7F49-4B16-8DA2-73313322E987}
	EndGlobalSection
EndGlobal
